{
  "nodes": {
    "flake-utils": {
      "locked": {
        "lastModified": 1678901627,
        "narHash": "sha256-U02riOqrKKzwjsxc/400XnElV+UtPUQWpANPlyazjH0=",
        "owner": "numtide",
        "repo": "flake-utils",
        "rev": "93a2b84fc4b70d9e089d029deacc3583435c2ed6",
        "type": "github"
      },
      "original": {
        "owner": "numtide",
        "repo": "flake-utils",
        "type": "github"
      }
    },
    "nixpkgs": {
      "locked": {
        "lastModified": 1679476694,
        "narHash": "sha256-tbaLT+m0Hn5yBHBla+3ItToePydY+N2MnkxOgMRy7go=",
        "owner": "NickCao",
        "repo": "nixpkgs",
        "rev": "b29550d0aa25cafe537752041ccea8f5a48fd342",
        "type": "github"
      },
      "original": {
        "owner": "NickCao",
        "repo": "nixpkgs",
        "type": "github"
      }
    },
    "root": {
      "inputs": {
        "flake-utils": "flake-utils",
        "nixpkgs": "nixpkgs"
      }
    }
  },
  "root": "root",
  "version": 7
}
